
Microsoft Visual Studio Solution File, Format Version 12.00
# Visual Studio Version 17
VisualStudioVersion = 17.4.33103.184
MinimumVisualStudioVersion = 10.0.40219.1
Project("{FAE04EC0-301F-11D3-BF4B-00C04F79EFBC}") = "Automation", "Automation.csproj", "{46CB294A-C240-4D51-8B15-0A420CBE95C6}"
EndProject
Global
	GlobalSection(SolutionConfigurationPlatforms) = preSolution
		Debug|Any CPU = Debug|Any CPU
		Release|Any CPU = Release|Any CPU
	EndGlobalSection
	GlobalSection(ProjectConfigurationPlatforms) = postSolution
		{46CB294A-C240-4D51-8B15-0A420CBE95C6}.Debug|Any CPU.ActiveCfg = Debug|Any CPU
		{46CB294A-C240-4D51-8B15-0A420CBE95C6}.Debug|Any CPU.Build.0 = Debug|Any CPU
		{46CB294A-C240-4D51-8B15-0A420CBE95C6}.Release|Any CPU.ActiveCfg = Release|Any CPU
		{46CB294A-C240-4D51-8B15-0A420CBE95C6}.Release|Any CPU.Build.0 = Release|Any CPU
	EndGlobalSection
	GlobalSection(SolutionProperties) = preSolution
		HideSolutionNode = FALSE
	EndGlobalSection
	GlobalSection(ExtensibilityGlobals) = postSolution
		SolutionGuid = {5C514D15-90D3-4063-9C29-DE98D0A1B552}
	EndGlobalSection
EndGlobal
